// !$*UTF8*$!
{
	archiveVersion = 1;
	classes = {
	};
	objectVersion = 56;
	objects = {

/* Begin PBXBuildFile section */
		AA12489D2B85DFCA00F219F1 /* FindAgainApp.swift in Sources */ = {isa = PBXBuildFile; fileRef = AA12489C2B85DFCA00F219F1 /* FindAgainApp.swift */; };
		AA12489F2B85DFCA00F219F1 /* ContentView.swift in Sources */ = {isa = PBXBuildFile; fileRef = AA12489E2B85DFCA00F219F1 /* ContentView.swift */; };
		AA1248A12B85DFCD00F219F1 /* Assets.xcassets in Resources */ = {isa = PBXBuildFile; fileRef = AA1248A02B85DFCD00F219F1 /* Assets.xcassets */; };
		AA1248A42B85DFCD00F219F1 /* Preview Assets.xcassets in Resources */ = {isa = PBXBuildFile; fileRef = AA1248A32B85DFCD00F219F1 /* Preview Assets.xcassets */; };
		AA1248AE2B85DFCD00F219F1 /* FindAgainTests.swift in Sources */ = {isa = PBXBuildFile; fileRef = AA1248AD2B85DFCD00F219F1 /* FindAgainTests.swift */; };
		AA1248B82B85DFCD00F219F1 /* FindAgainUITests.swift in Sources */ = {isa = PBXBuildFile; fileRef = AA1248B72B85DFCD00F219F1 /* FindAgainUITests.swift */; };
		AA1248BA2B85DFCD00F219F1 /* FindAgainUITestsLaunchTests.swift in Sources */ = {isa = PBXBuildFile; fileRef = AA1248B92B85DFCD00F219F1 /* FindAgainUITestsLaunchTests.swift */; };
/* End PBXBuildFile section */

/* Begin PBXContainerItemProxy section */
		AA1248AA2B85DFCD00F219F1 /* PBXContainerItemProxy */ = {
			isa = PBXContainerItemProxy;
			containerPortal = AA1248912B85DFCA00F219F1 /* Project object */;
			proxyType = 1;
			remoteGlobalIDString = AA1248982B85DFCA00F219F1;
			remoteInfo = FindAgain;
		};
		AA1248B42B85DFCD00F219F1 /* PBXContainerItemProxy */ = {
			isa = PBXContainerItemProxy;
			containerPortal = AA1248912B85DFCA00F219F1 /* Project object */;
			proxyType = 1;
			remoteGlobalIDString = AA1248982B85DFCA00F219F1;
			remoteInfo = FindAgain;
		};
/* End PBXContainerItemProxy section */

/* Begin PBXFileReference section */
		AA1248992B85DFCA00F219F1 /* FindAgain.app */ = {isa = PBXFileReference; explicitFileType = wrapper.application; includeInIndex = 0; path = FindAgain.app; sourceTree = BUILT_PRODUCTS_DIR; };
		AA12489C2B85DFCA00F219F1 /* FindAgainApp.swift */ = {isa = PBXFileReference; lastKnownFileType = sourcecode.swift; path = FindAgainApp.swift; sourceTree = "<group>"; };
		AA12489E2B85DFCA00F219F1 /* ContentView.swift */ = {isa = PBXFileReference; lastKnownFileType = sourcecode.swift; path = ContentView.swift; sourceTree = "<group>"; };
		AA1248A02B85DFCD00F219F1 /* Assets.xcassets */ = {isa = PBXFileReference; lastKnownFileType = folder.assetcatalog; path = Assets.xcassets; sourceTree = "<group>"; };
		AA1248A32B85DFCD00F219F1 /* Preview Assets.xcassets */ = {isa = PBXFileReference; lastKnownFileType = folder.assetcatalog; path = "Preview Assets.xcassets"; sourceTree = "<group>"; };
		AA1248A92B85DFCD00F219F1 /* FindAgainTests.xctest */ = {isa = PBXFileReference; explicitFileType = wrapper.cfbundle; includeInIndex = 0; path = FindAgainTests.xctest; sourceTree = BUILT_PRODUCTS_DIR; };
		AA1248AD2B85DFCD00F219F1 /* FindAgainTests.swift */ = {isa = PBXFileReference; lastKnownFileType = sourcecode.swift; path = FindAgainTests.swift; sourceTree = "<group>"; };
		AA1248B32B85DFCD00F219F1 /* FindAgainUITests.xctest */ = {isa = PBXFileReference; explicitFileType = wrapper.cfbundle; includeInIndex = 0; path = FindAgainUITests.xctest; sourceTree = BUILT_PRODUCTS_DIR; };
		AA1248B72B85DFCD00F219F1 /* FindAgainUITests.swift */ = {isa = PBXFileReference; lastKnownFileType = sourcecode.swift; path = FindAgainUITests.swift; sourceTree = "<group>"; };
		AA1248B92B85DFCD00F219F1 /* FindAgainUITestsLaunchTests.swift */ = {isa = PBXFileReference; lastKnownFileType = sourcecode.swift; path = FindAgainUITestsLaunchTests.swift; sourceTree = "<group>"; };
/* End PBXFileReference section */

/* Begin PBXFrameworksBuildPhase section */
		AA1248962B85DFCA00F219F1 /* Frameworks */ = {
			isa = PBXFrameworksBuildPhase;
			buildActionMask = 2147483647;
			files = (
			);
			runOnlyForDeploymentPostprocessing = 0;
		};
		AA1248A62B85DFCD00F219F1 /* Frameworks */ = {
			isa = PBXFrameworksBuildPhase;
			buildActionMask = 2147483647;
			files = (
			);
			runOnlyForDeploymentPostprocessing = 0;
		};
		AA1248B02B85DFCD00F219F1 /* Frameworks */ = {
			isa = PBXFrameworksBuildPhase;
			buildActionMask = 2147483647;
			files = (
			);
			runOnlyForDeploymentPostprocessing = 0;
		};
/* End PBXFrameworksBuildPhase section */

/* Begin PBXGroup section */
		AA1248902B85DFCA00F219F1 = {
			isa = PBXGroup;
			children = (
				AA12489B2B85DFCA00F219F1 /* FindAgain */,
				AA1248AC2B85DFCD00F219F1 /* FindAgainTests */,
				AA1248B62B85DFCD00F219F1 /* FindAgainUITests */,
				AA12489A2B85DFCA00F219F1 /* Products */,
			);
			sourceTree = "<group>";
		};
		AA12489A2B85DFCA00F219F1 /* Products */ = {
			isa = PBXGroup;
			children = (
				AA1248992B85DFCA00F219F1 /* FindAgain.app */,
				AA1248A92B85DFCD00F219F1 /* FindAgainTests.xctest */,
				AA1248B32B85DFCD00F219F1 /* FindAgainUITests.xctest */,
			);
			name = Products;
			sourceTree = "<group>";
		};
		AA12489B2B85DFCA00F219F1 /* FindAgain */ = {
			isa = PBXGroup;
			children = (
				AA12489C2B85DFCA00F219F1 /* FindAgainApp.swift */,
				AA12489E2B85DFCA00F219F1 /* ContentView.swift */,
				AA1248A02B85DFCD00F219F1 /* Assets.xcassets */,
				AA1248A22B85DFCD00F219F1 /* Preview Content */,
			);
			path = FindAgain;
			sourceTree = "<group>";
		};
		AA1248A22B85DFCD00F219F1 /* Preview Content */ = {
			isa = PBXGroup;
			children = (
				AA1248A32B85DFCD00F219F1 /* Preview Assets.xcassets */,
			);
			path = "Preview Content";
			sourceTree = "<group>";
		};
		AA1248AC2B85DFCD00F219F1 /* FindAgainTests */ = {
			isa = PBXGroup;
			children = (
				AA1248AD2B85DFCD00F219F1 /* FindAgainTests.swift */,
			);
			path = FindAgainTests;
			sourceTree = "<group>";
		};
		AA1248B62B85DFCD00F219F1 /* FindAgainUITests */ = {
			isa = PBXGroup;
			children = (
				AA1248B72B85DFCD00F219F1 /* FindAgainUITests.swift */,
				AA1248B92B85DFCD00F219F1 /* FindAgainUITestsLaunchTests.swift */,
			);
			path = FindAgainUITests;
			sourceTree = "<group>";
		};
/* End PBXGroup section */

/* Begin PBXNativeTarget section */
		AA1248982B85DFCA00F219F1 /* FindAgain */ = {
			isa = PBXNativeTarget;
			buildConfigurationList = AA1248BD2B85DFCD00F219F1 /* Build configuration list for PBXNativeTarget "FindAgain" */;
			buildPhases = (
				AA1248952B85DFCA00F219F1 /* Sources */,
				AA1248962B85DFCA00F219F1 /* Frameworks */,
				AA1248972B85DFCA00F219F1 /* Resources */,
			);
			buildRules = (
			);
			dependencies = (
			);
			name = FindAgain;
			productName = FindAgain;
			productReference = AA1248992B85DFCA00F219F1 /* FindAgain.app */;
			productType = "com.apple.product-type.application";
		};
		AA1248A82B85DFCD00F219F1 /* FindAgainTests */ = {
			isa = PBXNativeTarget;
			buildConfigurationList = AA1248C02B85DFCD00F219F1 /* Build configuration list for PBXNativeTarget "FindAgainTests" */;
			buildPhases = (
				AA1248A52B85DFCD00F219F1 /* Sources */,
				AA1248A62B85DFCD00F219F1 /* Frameworks */,
				AA1248A72B85DFCD00F219F1 /* Resources */,
			);
			buildRules = (
			);
			dependencies = (
				AA1248AB2B85DFCD00F219F1 /* PBXTargetDependency */,
			);
			name = FindAgainTests;
			productName = FindAgainTests;
			productReference = AA1248A92B85DFCD00F219F1 /* FindAgainTests.xctest */;
			productType = "com.apple.product-type.bundle.unit-test";
		};
		AA1248B22B85DFCD00F219F1 /* FindAgainUITests */ = {
			isa = PBXNativeTarget;
			buildConfigurationList = AA1248C32B85DFCD00F219F1 /* Build configuration list for PBXNativeTarget "FindAgainUITests" */;
			buildPhases = (
				AA1248AF2B85DFCD00F219F1 /* Sources */,
				AA1248B02B85DFCD00F219F1 /* Frameworks */,
				AA1248B12B85DFCD00F219F1 /* Resources */,
			);
			buildRules = (
			);
			dependencies = (
				AA1248B52B85DFCD00F219F1 /* PBXTargetDependency */,
			);
			name = FindAgainUITests;
			productName = FindAgainUITests;
			productReference = AA1248B32B85DFCD00F219F1 /* FindAgainUITests.xctest */;
			productType = "com.apple.product-type.bundle.ui-testing";
		};
/* End PBXNativeTarget section */

/* Begin PBXProject section */
		AA1248912B85DFCA00F219F1 /* Project object */ = {
			isa = PBXProject;
			attributes = {
				BuildIndependentTargetsInParallel = 1;
				LastSwiftUpdateCheck = 1520;
				LastUpgradeCheck = 1520;
				TargetAttributes = {
					AA1248982B85DFCA00F219F1 = {
						CreatedOnToolsVersion = 15.2;
					};
					AA1248A82B85DFCD00F219F1 = {
						CreatedOnToolsVersion = 15.2;
						TestTargetID = AA1248982B85DFCA00F219F1;
					};
					AA1248B22B85DFCD00F219F1 = {
						CreatedOnToolsVersion = 15.2;
						TestTargetID = AA1248982B85DFCA00F219F1;
					};
				};
			};
			buildConfigurationList = AA1248942B85DFCA00F219F1 /* Build configuration list for PBXProject "FindAgain" */;
			compatibilityVersion = "Xcode 14.0";
			developmentRegion = en;
			hasScannedForEncodings = 0;
			knownRegions = (
				en,
				Base,
			);
			mainGroup = AA1248902B85DFCA00F219F1;
			productRefGroup = AA12489A2B85DFCA00F219F1 /* Products */;
			projectDirPath = "";
			projectRoot = "";
			targets = (
				AA1248982B85DFCA00F219F1 /* FindAgain */,
				AA1248A82B85DFCD00F219F1 /* FindAgainTests */,
				AA1248B22B85DFCD00F219F1 /* FindAgainUITests */,
			);
		};
/* End PBXProject section */

/* Begin PBXResourcesBuildPhase section */
		AA1248972B85DFCA00F219F1 /* Resources */ = {
			isa = PBXResourcesBuildPhase;
			buildActionMask = 2147483647;
			files = (
				AA1248A42B85DFCD00F219F1 /* Preview Assets.xcassets in Resources */,
				AA1248A12B85DFCD00F219F1 /* Assets.xcassets in Resources */,
			);
			runOnlyForDeploymentPostprocessing = 0;
		};
		AA1248A72B85DFCD00F219F1 /* Resources */ = {
			isa = PBXResourcesBuildPhase;
			buildActionMask = 2147483647;
			files = (
			);
			runOnlyForDeploymentPostprocessing = 0;
		};
		AA1248B12B85DFCD00F219F1 /* Resources */ = {
			isa = PBXResourcesBuildPhase;
			buildActionMask = 2147483647;
			files = (
			);
			runOnlyForDeploymentPostprocessing = 0;
		};
/* End PBXResourcesBuildPhase section */

/* Begin PBXSourcesBuildPhase section */
		AA1248952B85DFCA00F219F1 /* Sources */ = {
			isa = PBXSourcesBuildPhase;
			buildActionMask = 2147483647;
			files = (
				AA12489F2B85DFCA00F219F1 /* ContentView.swift in Sources */,
				AA12489D2B85DFCA00F219F1 /* FindAgainApp.swift in Sources */,
			);
			runOnlyForDeploymentPostprocessing = 0;
		};
		AA1248A52B85DFCD00F219F1 /* Sources */ = {
			isa = PBXSourcesBuildPhase;
			buildActionMask = 2147483647;
			files = (
				AA1248AE2B85DFCD00F219F1 /* FindAgainTests.swift in Sources */,
			);
			runOnlyForDeploymentPostprocessing = 0;
		};
		AA1248AF2B85DFCD00F219F1 /* Sources */ = {
			isa = PBXSourcesBuildPhase;
			buildActionMask = 2147483647;
			files = (
				AA1248BA2B85DFCD00F219F1 /* FindAgainUITestsLaunchTests.swift in Sources */,
				AA1248B82B85DFCD00F219F1 /* FindAgainUITests.swift in Sources */,
			);
			runOnlyForDeploymentPostprocessing = 0;
		};
/* End PBXSourcesBuildPhase section */

/* Begin PBXTargetDependency section */
		AA1248AB2B85DFCD00F219F1 /* PBXTargetDependency */ = {
			isa = PBXTargetDependency;
			target = AA1248982B85DFCA00F219F1 /* FindAgain */;
			targetProxy = AA1248AA2B85DFCD00F219F1 /* PBXContainerItemProxy */;
		};
		AA1248B52B85DFCD00F219F1 /* PBXTargetDependency */ = {
			isa = PBXTargetDependency;
			target = AA1248982B85DFCA00F219F1 /* FindAgain */;
			targetProxy = AA1248B42B85DFCD00F219F1 /* PBXContainerItemProxy */;
		};
/* End PBXTargetDependency section */

/* Begin XCBuildConfiguration section */
		AA1248BB2B85DFCD00F219F1 /* Debug */ = {
			isa = XCBuildConfiguration;
			buildSettings = {
				ALWAYS_SEARCH_USER_PATHS = NO;
				ASSETCATALOG_COMPILER_GENERATE_SWIFT_ASSET_SYMBOL_EXTENSIONS = YES;
				CLANG_ANALYZER_NONNULL = YES;
				CLANG_ANALYZER_NUMBER_OBJECT_CONVERSION = YES_AGGRESSIVE;
				CLANG_CXX_LANGUAGE_STANDARD = "gnu++20";
				CLANG_ENABLE_MODULES = YES;
				CLANG_ENABLE_OBJC_ARC = YES;
				CLANG_ENABLE_OBJC_WEAK = YES;
				CLANG_WARN_BLOCK_CAPTURE_AUTORELEASING = YES;
				CLANG_WARN_BOOL_CONVERSION = YES;
				CLANG_WARN_COMMA = YES;
				CLANG_WARN_CONSTANT_CONVERSION = YES;
				CLANG_WARN_DEPRECATED_OBJC_IMPLEMENTATIONS = YES;
				CLANG_WARN_DIRECT_OBJC_ISA_USAGE = YES_ERROR;
				CLANG_WARN_DOCUMENTATION_COMMENTS = YES;
				CLANG_WARN_EMPTY_BODY = YES;
				CLANG_WARN_ENUM_CONVERSION = YES;
				CLANG_WARN_INFINITE_RECURSION = YES;
				CLANG_WARN_INT_CONVERSION = YES;
				CLANG_WARN_NON_LITERAL_NULL_CONVERSION = YES;
				CLANG_WARN_OBJC_IMPLICIT_RETAIN_SELF = YES;
				CLANG_WARN_OBJC_LITERAL_CONVERSION = YES;
				CLANG_WARN_OBJC_ROOT_CLASS = YES_ERROR;
				CLANG_WARN_QUOTED_INCLUDE_IN_FRAMEWORK_HEADER = YES;
				CLANG_WARN_RANGE_LOOP_ANALYSIS = YES;
				CLANG_WARN_STRICT_PROTOTYPES = YES;
				CLANG_WARN_SUSPICIOUS_MOVE = YES;
				CLANG_WARN_UNGUARDED_AVAILABILITY = YES_AGGRESSIVE;
				CLANG_WARN_UNREACHABLE_CODE = YES;
				CLANG_WARN__DUPLICATE_METHOD_MATCH = YES;
				COPY_PHASE_STRIP = NO;
				DEBUG_INFORMATION_FORMAT = dwarf;
				ENABLE_STRICT_OBJC_MSGSEND = YES;
				ENABLE_TESTABILITY = YES;
				ENABLE_USER_SCRIPT_SANDBOXING = YES;
				GCC_C_LANGUAGE_STANDARD = gnu17;
				GCC_DYNAMIC_NO_PIC = NO;
				GCC_NO_COMMON_BLOCKS = YES;
				GCC_OPTIMIZATION_LEVEL = 0;
				GCC_PREPROCESSOR_DEFINITIONS = (
					"DEBUG=1",
					"$(inherited)",
				);
				GCC_WARN_64_TO_32_BIT_CONVERSION = YES;
				GCC_WARN_ABOUT_RETURN_TYPE = YES_ERROR;
				GCC_WARN_UNDECLARED_SELECTOR = YES;
				GCC_WARN_UNINITIALIZED_AUTOS = YES_AGGRESSIVE;
				GCC_WARN_UNUSED_FUNCTION = YES;
				GCC_WARN_UNUSED_VARIABLE = YES;
				IPHONEOS_DEPLOYMENT_TARGET = 17.2;
				LOCALIZATION_PREFERS_STRING_CATALOGS = YES;
				MTL_ENABLE_DEBUG_INFO = INCLUDE_SOURCE;
				MTL_FAST_MATH = YES;
				ONLY_ACTIVE_ARCH = YES;
				SDKROOT = iphoneos;
				SWIFT_ACTIVE_COMPILATION_CONDITIONS = "DEBUG $(inherited)";
				SWIFT_OPTIMIZATION_LEVEL = "-Onone";
			};
			name = Debug;
		};
		AA1248BC2B85DFCD00F219F1 /* Release */ = {
			isa = XCBuildConfiguration;
			buildSettings = {
				ALWAYS_SEARCH_USER_PATHS = NO;
				ASSETCATALOG_COMPILER_GENERATE_SWIFT_ASSET_SYMBOL_EXTENSIONS = YES;
				CLANG_ANALYZER_NONNULL = YES;
				CLANG_ANALYZER_NUMBER_OBJECT_CONVERSION = YES_AGGRESSIVE;
				CLANG_CXX_LANGUAGE_STANDARD = "gnu++20";
				CLANG_ENABLE_MODULES = YES;
				CLANG_ENABLE_OBJC_ARC = YES;
				CLANG_ENABLE_OBJC_WEAK = YES;
				CLANG_WARN_BLOCK_CAPTURE_AUTORELEASING = YES;
				CLANG_WARN_BOOL_CONVERSION = YES;
				CLANG_WARN_COMMA = YES;
				CLANG_WARN_CONSTANT_CONVERSION = YES;
				CLANG_WARN_DEPRECATED_OBJC_IMPLEMENTATIONS = YES;
				CLANG_WARN_DIRECT_OBJC_ISA_USAGE = YES_ERROR;
				CLANG_WARN_DOCUMENTATION_COMMENTS = YES;
				CLANG_WARN_EMPTY_BODY = YES;
				CLANG_WARN_ENUM_CONVERSION = YES;
				CLANG_WARN_INFINITE_RECURSION = YES;
				CLANG_WARN_INT_CONVERSION = YES;
				CLANG_WARN_NON_LITERAL_NULL_CONVERSION = YES;
				CLANG_WARN_OBJC_IMPLICIT_RETAIN_SELF = YES;
				CLANG_WARN_OBJC_LITERAL_CONVERSION = YES;
				CLANG_WARN_OBJC_ROOT_CLASS = YES_ERROR;
				CLANG_WARN_QUOTED_INCLUDE_IN_FRAMEWORK_HEADER = YES;
				CLANG_WARN_RANGE_LOOP_ANALYSIS = YES;
				CLANG_WARN_STRICT_PROTOTYPES = YES;
				CLANG_WARN_SUSPICIOUS_MOVE = YES;
				CLANG_WARN_UNGUARDED_AVAILABILITY = YES_AGGRESSIVE;
				CLANG_WARN_UNREACHABLE_CODE = YES;
				CLANG_WARN__DUPLICATE_METHOD_MATCH = YES;
				COPY_PHASE_STRIP = NO;
				DEBUG_INFORMATION_FORMAT = "dwarf-with-dsym";
				ENABLE_NS_ASSERTIONS = NO;
				ENABLE_STRICT_OBJC_MSGSEND = YES;
				ENABLE_USER_SCRIPT_SANDBOXING = YES;
				GCC_C_LANGUAGE_STANDARD = gnu17;
				GCC_NO_COMMON_BLOCKS = YES;
				GCC_WARN_64_TO_32_BIT_CONVERSION = YES;
				GCC_WARN_ABOUT_RETURN_TYPE = YES_ERROR;
				GCC_WARN_UNDECLARED_SELECTOR = YES;
				GCC_WARN_UNINITIALIZED_AUTOS = YES_AGGRESSIVE;
				GCC_WARN_UNUSED_FUNCTION = YES;
				GCC_WARN_UNUSED_VARIABLE = YES;
				IPHONEOS_DEPLOYMENT_TARGET = 17.2;
				LOCALIZATION_PREFERS_STRING_CATALOGS = YES;
				MTL_ENABLE_DEBUG_INFO = NO;
				MTL_FAST_MATH = YES;
				SDKROOT = iphoneos;
				SWIFT_COMPILATION_MODE = wholemodule;
				VALIDATE_PRODUCT = YES;
			};
			name = Release;
		};
		AA1248BE2B85DFCD00F219F1 /* Debug */ = {
			isa = XCBuildConfiguration;
			buildSettings = {
				ASSETCATALOG_COMPILER_APPICON_NAME = AppIcon;
				ASSETCATALOG_COMPILER_GLOBAL_ACCENT_COLOR_NAME = AccentColor;
				CODE_SIGN_STYLE = Automatic;
				CURRENT_PROJECT_VERSION = 1;
				DEVELOPMENT_ASSET_PATHS = "\"FindAgain/Preview Content\"";
				DEVELOPMENT_TEAM = F3NK44DQ42;
				ENABLE_PREVIEWS = YES;
				GENERATE_INFOPLIST_FILE = YES;
				INFOPLIST_KEY_UIApplicationSceneManifest_Generation = YES;
				INFOPLIST_KEY_UIApplicationSupportsIndirectInputEvents = YES;
				INFOPLIST_KEY_UILaunchScreen_Generation = YES;
				INFOPLIST_KEY_UISupportedInterfaceOrientations_iPad = "UIInterfaceOrientationPortrait UIInterfaceOrientationPortraitUpsideDown UIInterfaceOrientationLandscapeLeft UIInterfaceOrientationLandscapeRight";
				INFOPLIST_KEY_UISupportedInterfaceOrientations_iPhone = "UIInterfaceOrientationPortrait UIInterfaceOrientationLandscapeLeft UIInterfaceOrientationLandscapeRight";
				LD_RUNPATH_SEARCH_PATHS = (
					"$(inherited)",
					"@executable_path/Frameworks",
				);
				MARKETING_VERSION = 1.0;
				PRODUCT_BUNDLE_IDENTIFIER = LF.FindAgain;
				PRODUCT_NAME = "$(TARGET_NAME)";
				SWIFT_EMIT_LOC_STRINGS = YES;
				SWIFT_VERSION = 5.0;
				TARGETED_DEVICE_FAMILY = "1,2";
			};
			name = Debug;
		};
		AA1248BF2B85DFCD00F219F1 /* Release */ = {
			isa = XCBuildConfiguration;
			buildSettings = {
				ASSETCATALOG_COMPILER_APPICON_NAME = AppIcon;
				ASSETCATALOG_COMPILER_GLOBAL_ACCENT_COLOR_NAME = AccentColor;
				CODE_SIGN_STYLE = Automatic;
				CURRENT_PROJECT_VERSION = 1;
				DEVELOPMENT_ASSET_PATHS = "\"FindAgain/Preview Content\"";
				DEVELOPMENT_TEAM = F3NK44DQ42;
				ENABLE_PREVIEWS = YES;
				GENERATE_INFOPLIST_FILE = YES;
				INFOPLIST_KEY_UIApplicationSceneManifest_Generation = YES;
				INFOPLIST_KEY_UIApplicationSupportsIndirectInputEvents = YES;
				INFOPLIST_KEY_UILaunchScreen_Generation = YES;
				INFOPLIST_KEY_UISupportedInterfaceOrientations_iPad = "UIInterfaceOrientationPortrait UIInterfaceOrientationPortraitUpsideDown UIInterfaceOrientationLandscapeLeft UIInterfaceOrientationLandscapeRight";
				INFOPLIST_KEY_UISupportedInterfaceOrientations_iPhone = "UIInterfaceOrientationPortrait UIInterfaceOrientationLandscapeLeft UIInterfaceOrientationLandscapeRight";
				LD_RUNPATH_SEARCH_PATHS = (
					"$(inherited)",
					"@executable_path/Frameworks",
				);
				MARKETING_VERSION = 1.0;
				PRODUCT_BUNDLE_IDENTIFIER = LF.FindAgain;
				PRODUCT_NAME = "$(TARGET_NAME)";
				SWIFT_EMIT_LOC_STRINGS = YES;
				SWIFT_VERSION = 5.0;
				TARGETED_DEVICE_FAMILY = "1,2";
			};
			name = Release;
		};
		AA1248C12B85DFCD00F219F1 /* Debug */ = {
			isa = XCBuildConfiguration;
			buildSettings = {
				ALWAYS_EMBED_SWIFT_STANDARD_LIBRARIES = YES;
				BUNDLE_LOADER = "$(TEST_HOST)";
				CODE_SIGN_STYLE = Automatic;
				CURRENT_PROJECT_VERSION = 1;
				DEVELOPMENT_TEAM = F3NK44DQ42;
				GENERATE_INFOPLIST_FILE = YES;
				IPHONEOS_DEPLOYMENT_TARGET = 17.2;
				MARKETING_VERSION = 1.0;
				PRODUCT_BUNDLE_IDENTIFIER = LF.FindAgainTests;
				PRODUCT_NAME = "$(TARGET_NAME)";
				SWIFT_EMIT_LOC_STRINGS = NO;
				SWIFT_VERSION = 5.0;
				TARGETED_DEVICE_FAMILY = "1,2";
				TEST_HOST = "$(BUILT_PRODUCTS_DIR)/FindAgain.app/$(BUNDLE_EXECUTABLE_FOLDER_PATH)/FindAgain";
			};
			name = Debug;
		};
		AA1248C22B85DFCD00F219F1 /* Release */ = {
			isa = XCBuildConfiguration;
			buildSettings = {
				ALWAYS_EMBED_SWIFT_STANDARD_LIBRARIES = YES;
				BUNDLE_LOADER = "$(TEST_HOST)";
				CODE_SIGN_STYLE = Automatic;
				CURRENT_PROJECT_VERSION = 1;
				DEVELOPMENT_TEAM = F3NK44DQ42;
				GENERATE_INFOPLIST_FILE = YES;
				IPHONEOS_DEPLOYMENT_TARGET = 17.2;
				MARKETING_VERSION = 1.0;
				PRODUCT_BUNDLE_IDENTIFIER = LF.FindAgainTests;
				PRODUCT_NAME = "$(TARGET_NAME)";
				SWIFT_EMIT_LOC_STRINGS = NO;
				SWIFT_VERSION = 5.0;
				TARGETED_DEVICE_FAMILY = "1,2";
				TEST_HOST = "$(BUILT_PRODUCTS_DIR)/FindAgain.app/$(BUNDLE_EXECUTABLE_FOLDER_PATH)/FindAgain";
			};
			name = Release;
		};
		AA1248C42B85DFCD00F219F1 /* Debug */ = {
			isa = XCBuildConfiguration;
			buildSettings = {
				ALWAYS_EMBED_SWIFT_STANDARD_LIBRARIES = YES;
				CODE_SIGN_STYLE = Automatic;
				CURRENT_PROJECT_VERSION = 1;
				DEVELOPMENT_TEAM = F3NK44DQ42;
				GENERATE_INFOPLIST_FILE = YES;
				MARKETING_VERSION = 1.0;
				PRODUCT_BUNDLE_IDENTIFIER = LF.FindAgainUITests;
				PRODUCT_NAME = "$(TARGET_NAME)";
				SWIFT_EMIT_LOC_STRINGS = NO;
				SWIFT_VERSION = 5.0;
				TARGETED_DEVICE_FAMILY = "1,2";
				TEST_TARGET_NAME = FindAgain;
			};
			name = Debug;
		};
		AA1248C52B85DFCD00F219F1 /* Release */ = {
			isa = XCBuildConfiguration;
			buildSettings = {
				ALWAYS_EMBED_SWIFT_STANDARD_LIBRARIES = YES;
				CODE_SIGN_STYLE = Automatic;
				CURRENT_PROJECT_VERSION = 1;
				DEVELOPMENT_TEAM = F3NK44DQ42;
				GENERATE_INFOPLIST_FILE = YES;
				MARKETING_VERSION = 1.0;
				PRODUCT_BUNDLE_IDENTIFIER = LF.FindAgainUITests;
				PRODUCT_NAME = "$(TARGET_NAME)";
				SWIFT_EMIT_LOC_STRINGS = NO;
				SWIFT_VERSION = 5.0;
				TARGETED_DEVICE_FAMILY = "1,2";
				TEST_TARGET_NAME = FindAgain;
			};
			name = Release;
		};
/* End XCBuildConfiguration section */

/* Begin XCConfigurationList section */
		AA1248942B85DFCA00F219F1 /* Build configuration list for PBXProject "FindAgain" */ = {
			isa = XCConfigurationList;
			buildConfigurations = (
				AA1248BB2B85DFCD00F219F1 /* Debug */,
				AA1248BC2B85DFCD00F219F1 /* Release */,
			);
			defaultConfigurationIsVisible = 0;
			defaultConfigurationName = Release;
		};
		AA1248BD2B85DFCD00F219F1 /* Build configuration list for PBXNativeTarget "FindAgain" */ = {
			isa = XCConfigurationList;
			buildConfigurations = (
				AA1248BE2B85DFCD00F219F1 /* Debug */,
				AA1248BF2B85DFCD00F219F1 /* Release */,
			);
			defaultConfigurationIsVisible = 0;
			defaultConfigurationName = Release;
		};
		AA1248C02B85DFCD00F219F1 /* Build configuration list for PBXNativeTarget "FindAgainTests" */ = {
			isa = XCConfigurationList;
			buildConfigurations = (
				AA1248C12B85DFCD00F219F1 /* Debug */,
				AA1248C22B85DFCD00F219F1 /* Release */,
			);
			defaultConfigurationIsVisible = 0;
			defaultConfigurationName = Release;
		};
		AA1248C32B85DFCD00F219F1 /* Build configuration list for PBXNativeTarget "FindAgainUITests" */ = {
			isa = XCConfigurationList;
			buildConfigurations = (
				AA1248C42B85DFCD00F219F1 /* Debug */,
				AA1248C52B85DFCD00F219F1 /* Release */,
			);
			defaultConfigurationIsVisible = 0;
			defaultConfigurationName = Release;
		};
/* End XCConfigurationList section */
	};
	rootObject = AA1248912B85DFCA00F219F1 /* Project object */;
}
